
Microsoft Visual Studio Solution File, Format Version 12.00
# Visual Studio Version 17
VisualStudioVersion = 17.10.35004.147
MinimumVisualStudioVersion = 10.0.40219.1
Project("{9A19103F-16F7-4668-BE54-9A1E7A4F7556}") = "WebApplicationTask", "WebApplicationTask\WebApplicationTask.csproj", "{4BAD7CA1-EF56-4407-BA17-76862522A0FB}"
EndProject
Project("{FAE04EC0-301F-11D3-BF4B-00C04F79EFBC}") = "WpfAppRestaurant", "WpfAppRestaurant\WpfAppRestaurant.csproj", "{DD0AFDD8-34A4-4E58-9512-031496F1648E}"
EndProject
Global
	GlobalSection(SolutionConfigurationPlatforms) = preSolution
		Debug|Any CPU = Debug|Any CPU
		Release|Any CPU = Release|Any CPU
	EndGlobalSection
	GlobalSection(ProjectConfigurationPlatforms) = postSolution
		{4BAD7CA1-EF56-4407-BA17-76862522A0FB}.Debug|Any CPU.ActiveCfg = Debug|Any CPU
		{4BAD7CA1-EF56-4407-BA17-76862522A0FB}.Debug|Any CPU.Build.0 = Debug|Any CPU
		{4BAD7CA1-EF56-4407-BA17-76862522A0FB}.Release|Any CPU.ActiveCfg = Release|Any CPU
		{4BAD7CA1-EF56-4407-BA17-76862522A0FB}.Release|Any CPU.Build.0 = Release|Any CPU
		{DD0AFDD8-34A4-4E58-9512-031496F1648E}.Debug|Any CPU.ActiveCfg = Debug|Any CPU
		{DD0AFDD8-34A4-4E58-9512-031496F1648E}.Debug|Any CPU.Build.0 = Debug|Any CPU
		{DD0AFDD8-34A4-4E58-9512-031496F1648E}.Release|Any CPU.ActiveCfg = Release|Any CPU
		{DD0AFDD8-34A4-4E58-9512-031496F1648E}.Release|Any CPU.Build.0 = Release|Any CPU
	EndGlobalSection
	GlobalSection(SolutionProperties) = preSolution
		HideSolutionNode = FALSE
	EndGlobalSection
	GlobalSection(ExtensibilityGlobals) = postSolution
		SolutionGuid = {FE9F6F54-9B35-4223-975B-59C2F003BD2B}
	EndGlobalSection
EndGlobal
